PODS:
  - Nimble (7.0.3)
  - PwnedPasswords (0.1.3)
  - Quick (1.2.0)

DEPENDENCIES:
  - Nimble (~> 7.0.2)
  - PwnedPasswords (from `../`)
  - Quick (~> 1.2.0)

EXTERNAL SOURCES:
  PwnedPasswords:
    :path: ../

SPEC CHECKSUMS:
  Nimble: 7f5a9c447a33002645a071bddafbfb24ea70e0ac
  PwnedPasswords: e3d080766fa030cc2a2188c320adc38707c96c7b
  Quick: 58d203b1c5e27fff7229c4c1ae445ad7069a7a08

PODFILE CHECKSUM: aca22a773bc24e53e76509240cc85377dab3c8d2

COCOAPODS: 1.4.0
